// !$*UTF8*$!
{
	archiveVersion = 1;
	classes = {
	};
	objectVersion = 56;
	objects = {

/* Begin PBXBuildFile section */
		531CF8042AF8B4D00054A915 /* AppDelegate.swift in Sources */ = {isa = PBXBuildFile; fileRef = 531CF8032AF8B4D00054A915 /* AppDelegate.swift */; };
		531CF8062AF8B4D00054A915 /* SceneDelegate.swift in Sources */ = {isa = PBXBuildFile; fileRef = 531CF8052AF8B4D00054A915 /* SceneDelegate.swift */; };
		531CF8082AF8B4D00054A915 /* ViewController.swift in Sources */ = {isa = PBXBuildFile; fileRef = 531CF8072AF8B4D00054A915 /* ViewController.swift */; };
		531CF80D2AF8B4D20054A915 /* Assets.xcassets in Resources */ = {isa = PBXBuildFile; fileRef = 531CF80C2AF8B4D20054A915 /* Assets.xcassets */; };
		531CF8102AF8B4D20054A915 /* LaunchScreen.storyboard in Resources */ = {isa = PBXBuildFile; fileRef = 531CF80E2AF8B4D20054A915 /* LaunchScreen.storyboard */; };
		531CF8182AF8B5D10054A915 /* TabBarViewController.swift in Sources */ = {isa = PBXBuildFile; fileRef = 531CF8172AF8B5D10054A915 /* TabBarViewController.swift */; };
		531CF81C2AF8B6DB0054A915 /* TodayViewController.swift in Sources */ = {isa = PBXBuildFile; fileRef = 531CF81B2AF8B6DB0054A915 /* TodayViewController.swift */; };
		531CF81E2AF8B6EA0054A915 /* GameViewController.swift in Sources */ = {isa = PBXBuildFile; fileRef = 531CF81D2AF8B6EA0054A915 /* GameViewController.swift */; };
		531CF8202AF8B6F90054A915 /* AppViewController.swift in Sources */ = {isa = PBXBuildFile; fileRef = 531CF81F2AF8B6F90054A915 /* AppViewController.swift */; };
		531CF8222AF8B7070054A915 /* SearchViewController.swift in Sources */ = {isa = PBXBuildFile; fileRef = 531CF8212AF8B7070054A915 /* SearchViewController.swift */; };
		531CF8242AF8B79D0054A915 /* ArcadeViewController.swift in Sources */ = {isa = PBXBuildFile; fileRef = 531CF8232AF8B79D0054A915 /* ArcadeViewController.swift */; };
		531CF8262AF8BD5C0054A915 /* BaseViewController.swift in Sources */ = {isa = PBXBuildFile; fileRef = 531CF8252AF8BD5C0054A915 /* BaseViewController.swift */; };
		531CF82C2AF8C81C0054A915 /* SnapKit in Frameworks */ = {isa = PBXBuildFile; productRef = 531CF82B2AF8C81C0054A915 /* SnapKit */; };
		531CF82E2AF8CC7E0054A915 /* AppModel.swift in Sources */ = {isa = PBXBuildFile; fileRef = 531CF82D2AF8CC7E0054A915 /* AppModel.swift */; };
		531CF8302AF8CDCC0054A915 /* APIManager.swift in Sources */ = {isa = PBXBuildFile; fileRef = 531CF82F2AF8CDCC0054A915 /* APIManager.swift */; };
		531CF8332AF8CE2F0054A915 /* RxCocoa in Frameworks */ = {isa = PBXBuildFile; productRef = 531CF8322AF8CE2F0054A915 /* RxCocoa */; };
		531CF8352AF8CE2F0054A915 /* RxSwift in Frameworks */ = {isa = PBXBuildFile; productRef = 531CF8342AF8CE2F0054A915 /* RxSwift */; };
		531CF8372AF8CE2F0054A915 /* RxTest in Frameworks */ = {isa = PBXBuildFile; productRef = 531CF8362AF8CE2F0054A915 /* RxTest */; };
/* End PBXBuildFile section */

/* Begin PBXFileReference section */
		531CF8002AF8B4D00054A915 /* AppStoreClone.app */ = {isa = PBXFileReference; explicitFileType = wrapper.application; includeInIndex = 0; path = AppStoreClone.app; sourceTree = BUILT_PRODUCTS_DIR; };
		531CF8032AF8B4D00054A915 /* AppDelegate.swift */ = {isa = PBXFileReference; lastKnownFileType = sourcecode.swift; path = AppDelegate.swift; sourceTree = "<group>"; };
		531CF8052AF8B4D00054A915 /* SceneDelegate.swift */ = {isa = PBXFileReference; lastKnownFileType = sourcecode.swift; path = SceneDelegate.swift; sourceTree = "<group>"; };
		531CF8072AF8B4D00054A915 /* ViewController.swift */ = {isa = PBXFileReference; lastKnownFileType = sourcecode.swift; path = ViewController.swift; sourceTree = "<group>"; };
		531CF80C2AF8B4D20054A915 /* Assets.xcassets */ = {isa = PBXFileReference; lastKnownFileType = folder.assetcatalog; path = Assets.xcassets; sourceTree = "<group>"; };
		531CF80F2AF8B4D20054A915 /* Base */ = {isa = PBXFileReference; lastKnownFileType = file.storyboard; name = Base; path = Base.lproj/LaunchScreen.storyboard; sourceTree = "<group>"; };
		531CF8112AF8B4D20054A915 /* Info.plist */ = {isa = PBXFileReference; lastKnownFileType = text.plist.xml; path = Info.plist; sourceTree = "<group>"; };
		531CF8172AF8B5D10054A915 /* TabBarViewController.swift */ = {isa = PBXFileReference; lastKnownFileType = sourcecode.swift; path = TabBarViewController.swift; sourceTree = "<group>"; };
		531CF81B2AF8B6DB0054A915 /* TodayViewController.swift */ = {isa = PBXFileReference; lastKnownFileType = sourcecode.swift; path = TodayViewController.swift; sourceTree = "<group>"; };
		531CF81D2AF8B6EA0054A915 /* GameViewController.swift */ = {isa = PBXFileReference; lastKnownFileType = sourcecode.swift; path = GameViewController.swift; sourceTree = "<group>"; };
		531CF81F2AF8B6F90054A915 /* AppViewController.swift */ = {isa = PBXFileReference; lastKnownFileType = sourcecode.swift; path = AppViewController.swift; sourceTree = "<group>"; };
		531CF8212AF8B7070054A915 /* SearchViewController.swift */ = {isa = PBXFileReference; lastKnownFileType = sourcecode.swift; path = SearchViewController.swift; sourceTree = "<group>"; };
		531CF8232AF8B79D0054A915 /* ArcadeViewController.swift */ = {isa = PBXFileReference; lastKnownFileType = sourcecode.swift; path = ArcadeViewController.swift; sourceTree = "<group>"; };
		531CF8252AF8BD5C0054A915 /* BaseViewController.swift */ = {isa = PBXFileReference; lastKnownFileType = sourcecode.swift; path = BaseViewController.swift; sourceTree = "<group>"; };
		531CF82D2AF8CC7E0054A915 /* AppModel.swift */ = {isa = PBXFileReference; lastKnownFileType = sourcecode.swift; path = AppModel.swift; sourceTree = "<group>"; };
		531CF82F2AF8CDCC0054A915 /* APIManager.swift */ = {isa = PBXFileReference; lastKnownFileType = sourcecode.swift; path = APIManager.swift; sourceTree = "<group>"; };
/* End PBXFileReference section */

/* Begin PBXFrameworksBuildPhase section */
		531CF7FD2AF8B4D00054A915 /* Frameworks */ = {
			isa = PBXFrameworksBuildPhase;
			buildActionMask = 2147483647;
			files = (
				531CF8372AF8CE2F0054A915 /* RxTest in Frameworks */,
				531CF8352AF8CE2F0054A915 /* RxSwift in Frameworks */,
				531CF8332AF8CE2F0054A915 /* RxCocoa in Frameworks */,
				531CF82C2AF8C81C0054A915 /* SnapKit in Frameworks */,
			);
			runOnlyForDeploymentPostprocessing = 0;
		};
/* End PBXFrameworksBuildPhase section */

/* Begin PBXGroup section */
		531CF7F72AF8B4D00054A915 = {
			isa = PBXGroup;
			children = (
				531CF8022AF8B4D00054A915 /* AppStoreClone */,
				531CF8012AF8B4D00054A915 /* Products */,
			);
			sourceTree = "<group>";
		};
		531CF8012AF8B4D00054A915 /* Products */ = {
			isa = PBXGroup;
			children = (
				531CF8002AF8B4D00054A915 /* AppStoreClone.app */,
			);
			name = Products;
			sourceTree = "<group>";
		};
		531CF8022AF8B4D00054A915 /* AppStoreClone */ = {
			isa = PBXGroup;
			children = (
				531CF8272AF8BE330054A915 /* Base */,
				531CF8282AF8BE440054A915 /* Network */,
				531CF8292AF8BE580054A915 /* Search */,
				531CF8032AF8B4D00054A915 /* AppDelegate.swift */,
				531CF8052AF8B4D00054A915 /* SceneDelegate.swift */,
				531CF8072AF8B4D00054A915 /* ViewController.swift */,
				531CF80C2AF8B4D20054A915 /* Assets.xcassets */,
				531CF80E2AF8B4D20054A915 /* LaunchScreen.storyboard */,
				531CF8112AF8B4D20054A915 /* Info.plist */,
				531CF8172AF8B5D10054A915 /* TabBarViewController.swift */,
				531CF81B2AF8B6DB0054A915 /* TodayViewController.swift */,
				531CF81D2AF8B6EA0054A915 /* GameViewController.swift */,
				531CF81F2AF8B6F90054A915 /* AppViewController.swift */,
				531CF8232AF8B79D0054A915 /* ArcadeViewController.swift */,
			);
			path = AppStoreClone;
			sourceTree = "<group>";
		};
		531CF8272AF8BE330054A915 /* Base */ = {
			isa = PBXGroup;
			children = (
				531CF8252AF8BD5C0054A915 /* BaseViewController.swift */,
			);
			path = Base;
			sourceTree = "<group>";
		};
		531CF8282AF8BE440054A915 /* Network */ = {
			isa = PBXGroup;
			children = (
				531CF82D2AF8CC7E0054A915 /* AppModel.swift */,
			);
			path = Network;
			sourceTree = "<group>";
		};
		531CF8292AF8BE580054A915 /* Search */ = {
			isa = PBXGroup;
			children = (
				531CF8212AF8B7070054A915 /* SearchViewController.swift */,
				531CF82F2AF8CDCC0054A915 /* APIManager.swift */,
			);
			path = Search;
			sourceTree = "<group>";
		};
/* End PBXGroup section */

/* Begin PBXNativeTarget section */
		531CF7FF2AF8B4D00054A915 /* AppStoreClone */ = {
			isa = PBXNativeTarget;
			buildConfigurationList = 531CF8142AF8B4D20054A915 /* Build configuration list for PBXNativeTarget "AppStoreClone" */;
			buildPhases = (
				531CF7FC2AF8B4D00054A915 /* Sources */,
				531CF7FD2AF8B4D00054A915 /* Frameworks */,
				531CF7FE2AF8B4D00054A915 /* Resources */,
			);
			buildRules = (
			);
			dependencies = (
			);
			name = AppStoreClone;
			packageProductDependencies = (
				531CF82B2AF8C81C0054A915 /* SnapKit */,
				531CF8322AF8CE2F0054A915 /* RxCocoa */,
				531CF8342AF8CE2F0054A915 /* RxSwift */,
				531CF8362AF8CE2F0054A915 /* RxTest */,
			);
			productName = AppStoreClone;
			productReference = 531CF8002AF8B4D00054A915 /* AppStoreClone.app */;
			productType = "com.apple.product-type.application";
		};
/* End PBXNativeTarget section */

/* Begin PBXProject section */
		531CF7F82AF8B4D00054A915 /* Project object */ = {
			isa = PBXProject;
			attributes = {
				BuildIndependentTargetsInParallel = 1;
				LastSwiftUpdateCheck = 1500;
				LastUpgradeCheck = 1500;
				TargetAttributes = {
					531CF7FF2AF8B4D00054A915 = {
						CreatedOnToolsVersion = 15.0.1;
					};
				};
			};
			buildConfigurationList = 531CF7FB2AF8B4D00054A915 /* Build configuration list for PBXProject "AppStoreClone" */;
			compatibilityVersion = "Xcode 14.0";
			developmentRegion = en;
			hasScannedForEncodings = 0;
			knownRegions = (
				en,
				Base,
			);
			mainGroup = 531CF7F72AF8B4D00054A915;
			packageReferences = (
				531CF82A2AF8C81C0054A915 /* XCRemoteSwiftPackageReference "SnapKit" */,
				531CF8312AF8CE2F0054A915 /* XCRemoteSwiftPackageReference "RxSwift" */,
			);
			productRefGroup = 531CF8012AF8B4D00054A915 /* Products */;
			projectDirPath = "";
			projectRoot = "";
			targets = (
				531CF7FF2AF8B4D00054A915 /* AppStoreClone */,
			);
		};
/* End PBXProject section */

/* Begin PBXResourcesBuildPhase section */
		531CF7FE2AF8B4D00054A915 /* Resources */ = {
			isa = PBXResourcesBuildPhase;
			buildActionMask = 2147483647;
			files = (
				531CF8102AF8B4D20054A915 /* LaunchScreen.storyboard in Resources */,
				531CF80D2AF8B4D20054A915 /* Assets.xcassets in Resources */,
			);
			runOnlyForDeploymentPostprocessing = 0;
		};
/* End PBXResourcesBuildPhase section */

/* Begin PBXSourcesBuildPhase section */
		531CF7FC2AF8B4D00054A915 /* Sources */ = {
			isa = PBXSourcesBuildPhase;
			buildActionMask = 2147483647;
			files = (
				531CF8302AF8CDCC0054A915 /* APIManager.swift in Sources */,
				531CF8182AF8B5D10054A915 /* TabBarViewController.swift in Sources */,
				531CF8082AF8B4D00054A915 /* ViewController.swift in Sources */,
				531CF82E2AF8CC7E0054A915 /* AppModel.swift in Sources */,
				531CF8222AF8B7070054A915 /* SearchViewController.swift in Sources */,
				531CF81C2AF8B6DB0054A915 /* TodayViewController.swift in Sources */,
				531CF8042AF8B4D00054A915 /* AppDelegate.swift in Sources */,
				531CF8262AF8BD5C0054A915 /* BaseViewController.swift in Sources */,
				531CF8202AF8B6F90054A915 /* AppViewController.swift in Sources */,
				531CF81E2AF8B6EA0054A915 /* GameViewController.swift in Sources */,
				531CF8062AF8B4D00054A915 /* SceneDelegate.swift in Sources */,
				531CF8242AF8B79D0054A915 /* ArcadeViewController.swift in Sources */,
			);
			runOnlyForDeploymentPostprocessing = 0;
		};
/* End PBXSourcesBuildPhase section */

/* Begin PBXVariantGroup section */
		531CF80E2AF8B4D20054A915 /* LaunchScreen.storyboard */ = {
			isa = PBXVariantGroup;
			children = (
				531CF80F2AF8B4D20054A915 /* Base */,
			);
			name = LaunchScreen.storyboard;
			sourceTree = "<group>";
		};
/* End PBXVariantGroup section */

/* Begin XCBuildConfiguration section */
		531CF8122AF8B4D20054A915 /* Debug */ = {
			isa = XCBuildConfiguration;
			buildSettings = {
				ALWAYS_SEARCH_USER_PATHS = NO;
				ASSETCATALOG_COMPILER_GENERATE_SWIFT_ASSET_SYMBOL_EXTENSIONS = YES;
				CLANG_ANALYZER_NONNULL = YES;
				CLANG_ANALYZER_NUMBER_OBJECT_CONVERSION = YES_AGGRESSIVE;
				CLANG_CXX_LANGUAGE_STANDARD = "gnu++20";
				CLANG_ENABLE_MODULES = YES;
				CLANG_ENABLE_OBJC_ARC = YES;
				CLANG_ENABLE_OBJC_WEAK = YES;
				CLANG_WARN_BLOCK_CAPTURE_AUTORELEASING = YES;
				CLANG_WARN_BOOL_CONVERSION = YES;
				CLANG_WARN_COMMA = YES;
				CLANG_WARN_CONSTANT_CONVERSION = YES;
				CLANG_WARN_DEPRECATED_OBJC_IMPLEMENTATIONS = YES;
				CLANG_WARN_DIRECT_OBJC_ISA_USAGE = YES_ERROR;
				CLANG_WARN_DOCUMENTATION_COMMENTS = YES;
				CLANG_WARN_EMPTY_BODY = YES;
				CLANG_WARN_ENUM_CONVERSION = YES;
				CLANG_WARN_INFINITE_RECURSION = YES;
				CLANG_WARN_INT_CONVERSION = YES;
				CLANG_WARN_NON_LITERAL_NULL_CONVERSION = YES;
				CLANG_WARN_OBJC_IMPLICIT_RETAIN_SELF = YES;
				CLANG_WARN_OBJC_LITERAL_CONVERSION = YES;
				CLANG_WARN_OBJC_ROOT_CLASS = YES_ERROR;
				CLANG_WARN_QUOTED_INCLUDE_IN_FRAMEWORK_HEADER = YES;
				CLANG_WARN_RANGE_LOOP_ANALYSIS = YES;
				CLANG_WARN_STRICT_PROTOTYPES = YES;
				CLANG_WARN_SUSPICIOUS_MOVE = YES;
				CLANG_WARN_UNGUARDED_AVAILABILITY = YES_AGGRESSIVE;
				CLANG_WARN_UNREACHABLE_CODE = YES;
				CLANG_WARN__DUPLICATE_METHOD_MATCH = YES;
				COPY_PHASE_STRIP = NO;
				DEBUG_INFORMATION_FORMAT = dwarf;
				ENABLE_STRICT_OBJC_MSGSEND = YES;
				ENABLE_TESTABILITY = YES;
				ENABLE_USER_SCRIPT_SANDBOXING = YES;
				GCC_C_LANGUAGE_STANDARD = gnu17;
				GCC_DYNAMIC_NO_PIC = NO;
				GCC_NO_COMMON_BLOCKS = YES;
				GCC_OPTIMIZATION_LEVEL = 0;
				GCC_PREPROCESSOR_DEFINITIONS = (
					"DEBUG=1",
					"$(inherited)",
				);
				GCC_WARN_64_TO_32_BIT_CONVERSION = YES;
				GCC_WARN_ABOUT_RETURN_TYPE = YES_ERROR;
				GCC_WARN_UNDECLARED_SELECTOR = YES;
				GCC_WARN_UNINITIALIZED_AUTOS = YES_AGGRESSIVE;
				GCC_WARN_UNUSED_FUNCTION = YES;
				GCC_WARN_UNUSED_VARIABLE = YES;
				IPHONEOS_DEPLOYMENT_TARGET = 17.0;
				LOCALIZATION_PREFERS_STRING_CATALOGS = YES;
				MTL_ENABLE_DEBUG_INFO = INCLUDE_SOURCE;
				MTL_FAST_MATH = YES;
				ONLY_ACTIVE_ARCH = YES;
				SDKROOT = iphoneos;
				SWIFT_ACTIVE_COMPILATION_CONDITIONS = "DEBUG $(inherited)";
				SWIFT_OPTIMIZATION_LEVEL = "-Onone";
			};
			name = Debug;
		};
		531CF8132AF8B4D20054A915 /* Release */ = {
			isa = XCBuildConfiguration;
			buildSettings = {
				ALWAYS_SEARCH_USER_PATHS = NO;
				ASSETCATALOG_COMPILER_GENERATE_SWIFT_ASSET_SYMBOL_EXTENSIONS = YES;
				CLANG_ANALYZER_NONNULL = YES;
				CLANG_ANALYZER_NUMBER_OBJECT_CONVERSION = YES_AGGRESSIVE;
				CLANG_CXX_LANGUAGE_STANDARD = "gnu++20";
				CLANG_ENABLE_MODULES = YES;
				CLANG_ENABLE_OBJC_ARC = YES;
				CLANG_ENABLE_OBJC_WEAK = YES;
				CLANG_WARN_BLOCK_CAPTURE_AUTORELEASING = YES;
				CLANG_WARN_BOOL_CONVERSION = YES;
				CLANG_WARN_COMMA = YES;
				CLANG_WARN_CONSTANT_CONVERSION = YES;
				CLANG_WARN_DEPRECATED_OBJC_IMPLEMENTATIONS = YES;
				CLANG_WARN_DIRECT_OBJC_ISA_USAGE = YES_ERROR;
				CLANG_WARN_DOCUMENTATION_COMMENTS = YES;
				CLANG_WARN_EMPTY_BODY = YES;
				CLANG_WARN_ENUM_CONVERSION = YES;
				CLANG_WARN_INFINITE_RECURSION = YES;
				CLANG_WARN_INT_CONVERSION = YES;
				CLANG_WARN_NON_LITERAL_NULL_CONVERSION = YES;
				CLANG_WARN_OBJC_IMPLICIT_RETAIN_SELF = YES;
				CLANG_WARN_OBJC_LITERAL_CONVERSION = YES;
				CLANG_WARN_OBJC_ROOT_CLASS = YES_ERROR;
				CLANG_WARN_QUOTED_INCLUDE_IN_FRAMEWORK_HEADER = YES;
				CLANG_WARN_RANGE_LOOP_ANALYSIS = YES;
				CLANG_WARN_STRICT_PROTOTYPES = YES;
				CLANG_WARN_SUSPICIOUS_MOVE = YES;
				CLANG_WARN_UNGUARDED_AVAILABILITY = YES_AGGRESSIVE;
				CLANG_WARN_UNREACHABLE_CODE = YES;
				CLANG_WARN__DUPLICATE_METHOD_MATCH = YES;
				COPY_PHASE_STRIP = NO;
				DEBUG_INFORMATION_FORMAT = "dwarf-with-dsym";
				ENABLE_NS_ASSERTIONS = NO;
				ENABLE_STRICT_OBJC_MSGSEND = YES;
				ENABLE_USER_SCRIPT_SANDBOXING = YES;
				GCC_C_LANGUAGE_STANDARD = gnu17;
				GCC_NO_COMMON_BLOCKS = YES;
				GCC_WARN_64_TO_32_BIT_CONVERSION = YES;
				GCC_WARN_ABOUT_RETURN_TYPE = YES_ERROR;
				GCC_WARN_UNDECLARED_SELECTOR = YES;
				GCC_WARN_UNINITIALIZED_AUTOS = YES_AGGRESSIVE;
				GCC_WARN_UNUSED_FUNCTION = YES;
				GCC_WARN_UNUSED_VARIABLE = YES;
				IPHONEOS_DEPLOYMENT_TARGET = 17.0;
				LOCALIZATION_PREFERS_STRING_CATALOGS = YES;
				MTL_ENABLE_DEBUG_INFO = NO;
				MTL_FAST_MATH = YES;
				SDKROOT = iphoneos;
				SWIFT_COMPILATION_MODE = wholemodule;
				VALIDATE_PRODUCT = YES;
			};
			name = Release;
		};
		531CF8152AF8B4D20054A915 /* Debug */ = {
			isa = XCBuildConfiguration;
			buildSettings = {
				ASSETCATALOG_COMPILER_APPICON_NAME = AppIcon;
				ASSETCATALOG_COMPILER_GLOBAL_ACCENT_COLOR_NAME = AccentColor;
				ASSETCATALOG_COMPILER_INCLUDE_ALL_APPICON_ASSETS = NO;
				CODE_SIGN_STYLE = Automatic;
				CURRENT_PROJECT_VERSION = 1;
				DEVELOPMENT_TEAM = KLYH4UN5ZC;
				GENERATE_INFOPLIST_FILE = YES;
				INFOPLIST_FILE = AppStoreClone/Info.plist;
				INFOPLIST_KEY_UIApplicationSupportsIndirectInputEvents = YES;
				INFOPLIST_KEY_UILaunchStoryboardName = LaunchScreen;
				INFOPLIST_KEY_UISupportedInterfaceOrientations = UIInterfaceOrientationPortrait;
				INFOPLIST_KEY_UISupportedInterfaceOrientations_iPad = "UIInterfaceOrientationLandscapeLeft UIInterfaceOrientationLandscapeRight UIInterfaceOrientationPortrait UIInterfaceOrientationPortraitUpsideDown";
				LD_RUNPATH_SEARCH_PATHS = (
					"$(inherited)",
					"@executable_path/Frameworks",
				);
				MARKETING_VERSION = 1.0;
				PRODUCT_BUNDLE_IDENTIFIER = com.dahye.AppStoreClone;
				PRODUCT_NAME = "$(TARGET_NAME)";
				SUPPORTED_PLATFORMS = "iphoneos iphonesimulator";
				SUPPORTS_MACCATALYST = NO;
				SUPPORTS_MAC_DESIGNED_FOR_IPHONE_IPAD = NO;
				SWIFT_EMIT_LOC_STRINGS = YES;
				SWIFT_VERSION = 5.0;
				TARGETED_DEVICE_FAMILY = 1;
			};
			name = Debug;
		};
		531CF8162AF8B4D20054A915 /* Release */ = {
			isa = XCBuildConfiguration;
			buildSettings = {
				ASSETCATALOG_COMPILER_APPICON_NAME = AppIcon;
				ASSETCATALOG_COMPILER_GLOBAL_ACCENT_COLOR_NAME = AccentColor;
				ASSETCATALOG_COMPILER_INCLUDE_ALL_APPICON_ASSETS = NO;
				CODE_SIGN_STYLE = Automatic;
				CURRENT_PROJECT_VERSION = 1;
				DEVELOPMENT_TEAM = KLYH4UN5ZC;
				GENERATE_INFOPLIST_FILE = YES;
				INFOPLIST_FILE = AppStoreClone/Info.plist;
				INFOPLIST_KEY_UIApplicationSupportsIndirectInputEvents = YES;
				INFOPLIST_KEY_UILaunchStoryboardName = LaunchScreen;
				INFOPLIST_KEY_UISupportedInterfaceOrientations = UIInterfaceOrientationPortrait;
				INFOPLIST_KEY_UISupportedInterfaceOrientations_iPad = "UIInterfaceOrientationLandscapeLeft UIInterfaceOrientationLandscapeRight UIInterfaceOrientationPortrait UIInterfaceOrientationPortraitUpsideDown";
				LD_RUNPATH_SEARCH_PATHS = (
					"$(inherited)",
					"@executable_path/Frameworks",
				);
				MARKETING_VERSION = 1.0;
				PRODUCT_BUNDLE_IDENTIFIER = com.dahye.AppStoreClone;
				PRODUCT_NAME = "$(TARGET_NAME)";
				SUPPORTED_PLATFORMS = "iphoneos iphonesimulator";
				SUPPORTS_MACCATALYST = NO;
				SUPPORTS_MAC_DESIGNED_FOR_IPHONE_IPAD = NO;
				SWIFT_EMIT_LOC_STRINGS = YES;
				SWIFT_VERSION = 5.0;
				TARGETED_DEVICE_FAMILY = 1;
			};
			name = Release;
		};
/* End XCBuildConfiguration section */

/* Begin XCConfigurationList section */
		531CF7FB2AF8B4D00054A915 /* Build configuration list for PBXProject "AppStoreClone" */ = {
			isa = XCConfigurationList;
			buildConfigurations = (
				531CF8122AF8B4D20054A915 /* Debug */,
				531CF8132AF8B4D20054A915 /* Release */,
			);
			defaultConfigurationIsVisible = 0;
			defaultConfigurationName = Release;
		};
		531CF8142AF8B4D20054A915 /* Build configuration list for PBXNativeTarget "AppStoreClone" */ = {
			isa = XCConfigurationList;
			buildConfigurations = (
				531CF8152AF8B4D20054A915 /* Debug */,
				531CF8162AF8B4D20054A915 /* Release */,
			);
			defaultConfigurationIsVisible = 0;
			defaultConfigurationName = Release;
		};
/* End XCConfigurationList section */

/* Begin XCRemoteSwiftPackageReference section */
		531CF82A2AF8C81C0054A915 /* XCRemoteSwiftPackageReference "SnapKit" */ = {
			isa = XCRemoteSwiftPackageReference;
			repositoryURL = "https://github.com/SnapKit/SnapKit.git";
			requirement = {
				kind = upToNextMajorVersion;
				minimumVersion = 5.6.0;
			};
		};
		531CF8312AF8CE2F0054A915 /* XCRemoteSwiftPackageReference "RxSwift" */ = {
			isa = XCRemoteSwiftPackageReference;
			repositoryURL = "https://github.com/ReactiveX/RxSwift.git";
			requirement = {
				kind = upToNextMajorVersion;
				minimumVersion = 6.6.0;
			};
		};
/* End XCRemoteSwiftPackageReference section */

/* Begin XCSwiftPackageProductDependency section */
		531CF82B2AF8C81C0054A915 /* SnapKit */ = {
			isa = XCSwiftPackageProductDependency;
			package = 531CF82A2AF8C81C0054A915 /* XCRemoteSwiftPackageReference "SnapKit" */;
			productName = SnapKit;
		};
		531CF8322AF8CE2F0054A915 /* RxCocoa */ = {
			isa = XCSwiftPackageProductDependency;
			package = 531CF8312AF8CE2F0054A915 /* XCRemoteSwiftPackageReference "RxSwift" */;
			productName = RxCocoa;
		};
		531CF8342AF8CE2F0054A915 /* RxSwift */ = {
			isa = XCSwiftPackageProductDependency;
			package = 531CF8312AF8CE2F0054A915 /* XCRemoteSwiftPackageReference "RxSwift" */;
			productName = RxSwift;
		};
		531CF8362AF8CE2F0054A915 /* RxTest */ = {
			isa = XCSwiftPackageProductDependency;
			package = 531CF8312AF8CE2F0054A915 /* XCRemoteSwiftPackageReference "RxSwift" */;
			productName = RxTest;
		};
/* End XCSwiftPackageProductDependency section */
	};
	rootObject = 531CF7F82AF8B4D00054A915 /* Project object */;
}
